
Microsoft Visual Studio Solution File, Format Version 12.00
# Visual Studio Version 17
VisualStudioVersion = 17.4.33103.184
MinimumVisualStudioVersion = 10.0.40219.1
Project("{FAE04EC0-301F-11D3-BF4B-00C04F79EFBC}") = "TransformacjaWartosciTypuString", "TransformacjaWartosciTypuString\TransformacjaWartosciTypuString.csproj", "{D5B4C771-A6DA-4D48-806B-2DF5F69D4934}"
EndProject
Global
	GlobalSection(SolutionConfigurationPlatforms) = preSolution
		Debug|Any CPU = Debug|Any CPU
		Release|Any CPU = Release|Any CPU
	EndGlobalSection
	GlobalSection(ProjectConfigurationPlatforms) = postSolution
		{D5B4C771-A6DA-4D48-806B-2DF5F69D4934}.Debug|Any CPU.ActiveCfg = Debug|Any CPU
		{D5B4C771-A6DA-4D48-806B-2DF5F69D4934}.Debug|Any CPU.Build.0 = Debug|Any CPU
		{D5B4C771-A6DA-4D48-806B-2DF5F69D4934}.Release|Any CPU.ActiveCfg = Release|Any CPU
		{D5B4C771-A6DA-4D48-806B-2DF5F69D4934}.Release|Any CPU.Build.0 = Release|Any CPU
	EndGlobalSection
	GlobalSection(SolutionProperties) = preSolution
		HideSolutionNode = FALSE
	EndGlobalSection
	GlobalSection(ExtensibilityGlobals) = postSolution
		SolutionGuid = {DA251A66-D398-4F8D-87DF-A8D412EC4D40}
	EndGlobalSection
EndGlobal
